
Microsoft Visual Studio Solution File, Format Version 12.00
# Visual Studio Version 16
VisualStudioVersion = 16.0.31729.503
MinimumVisualStudioVersion = 10.0.40219.1
Project("{FAE04EC0-301F-11D3-BF4B-00C04F79EFBC}") = "Web.BookStore", "Web.BookStore.csproj", "{8796F969-AA53-45CE-B458-76D5917619C4}"
EndProject
Global
	GlobalSection(SolutionConfigurationPlatforms) = preSolution
		Debug|Any CPU = Debug|Any CPU
		Release|Any CPU = Release|Any CPU
	EndGlobalSection
	GlobalSection(ProjectConfigurationPlatforms) = postSolution
		{8796F969-AA53-45CE-B458-76D5917619C4}.Debug|Any CPU.ActiveCfg = Debug|Any CPU
		{8796F969-AA53-45CE-B458-76D5917619C4}.Debug|Any CPU.Build.0 = Debug|Any CPU
		{8796F969-AA53-45CE-B458-76D5917619C4}.Release|Any CPU.ActiveCfg = Release|Any CPU
		{8796F969-AA53-45CE-B458-76D5917619C4}.Release|Any CPU.Build.0 = Release|Any CPU
	EndGlobalSection
	GlobalSection(SolutionProperties) = preSolution
		HideSolutionNode = FALSE
	EndGlobalSection
	GlobalSection(ExtensibilityGlobals) = postSolution
		SolutionGuid = {89D42704-B939-4AC1-A157-4AB03F43ED80}
	EndGlobalSection
EndGlobal
